
Microsoft Visual Studio Solution File, Format Version 12.00
# Visual Studio Version 17
VisualStudioVersion = 17.12.35707.178 d17.12
MinimumVisualStudioVersion = 10.0.40219.1
Project("{FAE04EC0-301F-11D3-BF4B-00C04F79EFBC}") = "Partial Properties in CSharp13 and NET9", "Partial Properties in CSharp13 and NET9\Partial Properties in CSharp13 and NET9.csproj", "{AC4E1843-5555-4B1A-9483-2391F6DB42B6}"
EndProject
Project("{FAE04EC0-301F-11D3-BF4B-00C04F79EFBC}") = "Partial Properties in CSharp12 and NET8", "Partial Properties in CSharp12 and NET8\Partial Properties in CSharp12 and NET8.csproj", "{D0D843BD-C339-4D5A-AB0B-261A09956A1E}"
EndProject
Global
	GlobalSection(SolutionConfigurationPlatforms) = preSolution
		Debug|Any CPU = Debug|Any CPU
		Release|Any CPU = Release|Any CPU
	EndGlobalSection
	GlobalSection(ProjectConfigurationPlatforms) = postSolution
		{AC4E1843-5555-4B1A-9483-2391F6DB42B6}.Debug|Any CPU.ActiveCfg = Debug|Any CPU
		{AC4E1843-5555-4B1A-9483-2391F6DB42B6}.Debug|Any CPU.Build.0 = Debug|Any CPU
		{AC4E1843-5555-4B1A-9483-2391F6DB42B6}.Release|Any CPU.ActiveCfg = Release|Any CPU
		{AC4E1843-5555-4B1A-9483-2391F6DB42B6}.Release|Any CPU.Build.0 = Release|Any CPU
		{D0D843BD-C339-4D5A-AB0B-261A09956A1E}.Debug|Any CPU.ActiveCfg = Debug|Any CPU
		{D0D843BD-C339-4D5A-AB0B-261A09956A1E}.Debug|Any CPU.Build.0 = Debug|Any CPU
		{D0D843BD-C339-4D5A-AB0B-261A09956A1E}.Release|Any CPU.ActiveCfg = Release|Any CPU
		{D0D843BD-C339-4D5A-AB0B-261A09956A1E}.Release|Any CPU.Build.0 = Release|Any CPU
	EndGlobalSection
	GlobalSection(SolutionProperties) = preSolution
		HideSolutionNode = FALSE
	EndGlobalSection
EndGlobal
